
Microsoft Visual Studio Solution File, Format Version 12.00
# Visual Studio 15
VisualStudioVersion = 15.0.28307.106
MinimumVisualStudioVersion = 10.0.40219.1
Project("{FAE04EC0-301F-11D3-BF4B-00C04F79EFBC}") = "Trizetto", "Trizetto\Trizetto.csproj", "{FBB07019-E68B-4DFB-9B13-2F21A27C82E3}"
EndProject
Global
	GlobalSection(SolutionConfigurationPlatforms) = preSolution
		Debug|Any CPU = Debug|Any CPU
		Release|Any CPU = Release|Any CPU
	EndGlobalSection
	GlobalSection(ProjectConfigurationPlatforms) = postSolution
		{FBB07019-E68B-4DFB-9B13-2F21A27C82E3}.Debug|Any CPU.ActiveCfg = Debug|Any CPU
		{FBB07019-E68B-4DFB-9B13-2F21A27C82E3}.Debug|Any CPU.Build.0 = Debug|Any CPU
		{FBB07019-E68B-4DFB-9B13-2F21A27C82E3}.Release|Any CPU.ActiveCfg = Release|Any CPU
		{FBB07019-E68B-4DFB-9B13-2F21A27C82E3}.Release|Any CPU.Build.0 = Release|Any CPU
	EndGlobalSection
	GlobalSection(SolutionProperties) = preSolution
		HideSolutionNode = FALSE
	EndGlobalSection
	GlobalSection(ExtensibilityGlobals) = postSolution
		SolutionGuid = {580B4F96-83C5-4A9A-B8F2-2784EDF569AB}
	EndGlobalSection
EndGlobal
